
Microsoft Visual Studio Solution File, Format Version 12.00
# Visual Studio Version 16
VisualStudioVersion = 16.0.34301.259
MinimumVisualStudioVersion = 10.0.40219.1
Project("{2150E333-8FDC-42A3-9474-1A3956D46DE8}") = "Task0", "Task0", "{14E0EBB7-717E-4A8D-9F7E-5143EA722991}"
EndProject
Project("{FAE04EC0-301F-11D3-BF4B-00C04F79EFBC}") = "Tyuiu.KorotchenkoDM.Sprint6.Task0.V4.Lib", "Tyuiu.KorotchenkoDM.Sprint6.Task0.V4.Lib\Tyuiu.KorotchenkoDM.Sprint6.Task0.V4.Lib.csproj", "{5ADC668D-A7F3-435A-805E-7404225E7144}"
EndProject
Project("{FAE04EC0-301F-11D3-BF4B-00C04F79EFBC}") = "Tyuiu.KorotchenkoDM.Sprint6.Task0.V4.Test", "Tyuiu.KorotchenkoDM.Sprint6.Task0.V4.Test\Tyuiu.KorotchenkoDM.Sprint6.Task0.V4.Test.csproj", "{0EE0013C-E44B-4488-A0EF-D6C952DBDBE6}"
EndProject
Project("{FAE04EC0-301F-11D3-BF4B-00C04F79EFBC}") = "Tyuiu.KorotchenkoDM.Sprint6.Task0.V4", "Tyuiu.KorotchenkoDM.Sprint6.Task0.V4\Tyuiu.KorotchenkoDM.Sprint6.Task0.V4.csproj", "{BA6E9E91-63A7-456B-A49A-1AC0F038A2AA}"
EndProject
Project("{2150E333-8FDC-42A3-9474-1A3956D46DE8}") = "Task4", "Task4", "{65AB4526-07C1-4BE2-BE8C-60BC77148176}"
EndProject
Project("{FAE04EC0-301F-11D3-BF4B-00C04F79EFBC}") = "Tyuiu.KorotchenkoDM.Sprint6.Task4.V28.Lib", "Tyuiu.KorotchenkoDM.Sprint6.Task4.V28.Lib\Tyuiu.KorotchenkoDM.Sprint6.Task4.V28.Lib.csproj", "{570E9569-E924-4A08-9033-779B1F80CCCB}"
EndProject
Project("{FAE04EC0-301F-11D3-BF4B-00C04F79EFBC}") = "Tyuiu.KorotchenkoDM.Sprint6.Task4.V28.Test", "Tyuiu.KorotchenkoDM.Sprint6.Task4.V28.Test\Tyuiu.KorotchenkoDM.Sprint6.Task4.V28.Test.csproj", "{F6C0EE50-66AE-44DC-B600-A34C824512F5}"
EndProject
Project("{FAE04EC0-301F-11D3-BF4B-00C04F79EFBC}") = "Tyuiu.KorotchenkoDM.Sprint6.Task4.V28", "Tyuiu.KorotchenkoDM.Sprint6.Task4.V28\Tyuiu.KorotchenkoDM.Sprint6.Task4.V28.csproj", "{0894FCCF-CACB-4E95-8A83-FBFB4ECBBAAB}"
EndProject
Project("{2150E333-8FDC-42A3-9474-1A3956D46DE8}") = "Task5", "Task5", "{AE8BDED5-E824-4DF1-9061-3830DE31A295}"
EndProject
Project("{FAE04EC0-301F-11D3-BF4B-00C04F79EFBC}") = "Tyuiu.KorotchenkoDM.Sprint6.Task5.V4.Lib", "Tyuiu.KorotchenkoDM.Sprint6.Task5.V4.Lib\Tyuiu.KorotchenkoDM.Sprint6.Task5.V4.Lib.csproj", "{0C47E5D9-FC13-44DA-BA82-66EC3D06EF45}"
EndProject
Project("{FAE04EC0-301F-11D3-BF4B-00C04F79EFBC}") = "Tyuiu.KorotchenkoDM.Sprint6.Task5.V4.Test", "Tyuiu.KorotchenkoDM.Sprint6.Task5.V4.Test\Tyuiu.KorotchenkoDM.Sprint6.Task5.V4.Test.csproj", "{34853B08-00FA-41E0-BE71-10EA4ACF09AC}"
EndProject
Project("{FAE04EC0-301F-11D3-BF4B-00C04F79EFBC}") = "Tyuiu.KorotchenkoDM.Sprint6.Task5.V4", "Tyuiu.KorotchenkoDM.Sprint6.Task5.V4\Tyuiu.KorotchenkoDM.Sprint6.Task5.V4.csproj", "{8D256924-14FE-4D13-AF1E-8841714D1E17}"
EndProject
Project("{2150E333-8FDC-42A3-9474-1A3956D46DE8}") = "Task6", "Task6", "{FD2D34C7-83CC-4A48-929F-2E4A9C5A8AFE}"
EndProject
Project("{FAE04EC0-301F-11D3-BF4B-00C04F79EFBC}") = "Tyuiu.KorotchenkoDM.Sprint6.Task6.V28.Lib", "Tyuiu.KorotchenkoDM.Sprint6.Task6.V28.Lib\Tyuiu.KorotchenkoDM.Sprint6.Task6.V28.Lib.csproj", "{743369BE-F529-4A61-9C57-55E0C1C4ACA0}"
EndProject
Project("{FAE04EC0-301F-11D3-BF4B-00C04F79EFBC}") = "Tyuiu.KorotchenkoDM.Sprint6.Task6.V28.Test", "Tyuiu.KorotchenkoDM.Sprint6.Task6.V28.Test\Tyuiu.KorotchenkoDM.Sprint6.Task6.V28.Test.csproj", "{231F5993-E6AC-41A0-A897-6B1A5628B1B2}"
EndProject
Project("{FAE04EC0-301F-11D3-BF4B-00C04F79EFBC}") = "Tyuiu.KorotchenkoDM.Sprint6.Task6.V28", "Tyuiu.KorotchenkoDM.Sprint6.Task6.V28\Tyuiu.KorotchenkoDM.Sprint6.Task6.V28.csproj", "{0C44D360-5037-4D5E-8EC8-360E1396110C}"
EndProject
Project("{2150E333-8FDC-42A3-9474-1A3956D46DE8}") = "TaskReview", "TaskReview", "{0F0FD5F6-4FAE-4F8E-9454-D60EF7460599}"
EndProject
Project("{FAE04EC0-301F-11D3-BF4B-00C04F79EFBC}") = "Tyuiu.KorotchenkoDM.Sprint6.TaskReview.V10", "Tyuiu.KorotchenkoDM.Sprint6.TaskReview.V10\Tyuiu.KorotchenkoDM.Sprint6.TaskReview.V10.csproj", "{7D8F8518-3A34-43CE-8A65-A7B1F3B9EF02}"
EndProject
Project("{FAE04EC0-301F-11D3-BF4B-00C04F79EFBC}") = "Tyuiu.KorotchenkoDM.Sprint6.TaskReview.V10.Lib", "Tyuiu.KorotchenkoDM.Sprint6.TaskReview.V10.Lib\Tyuiu.KorotchenkoDM.Sprint6.TaskReview.V10.Lib.csproj", "{901A3FD8-8E62-4C37-B00C-596B35213CDA}"
EndProject
Project("{FAE04EC0-301F-11D3-BF4B-00C04F79EFBC}") = "Tyuiu.KorotchenkoDM.Sprint6.TaskReview.V10.Test", "Tyuiu.KorotchenkoDM.Sprint6.TaskReview.V10.Test\Tyuiu.KorotchenkoDM.Sprint6.TaskReview.V10.Test.csproj", "{445DF882-C0E0-42E1-9861-4A06B924FBD2}"
EndProject
Project("{2150E333-8FDC-42A3-9474-1A3956D46DE8}") = "Task1", "Task1", "{9D855F6C-2FA0-4221-A8E0-7F178B8FF9A2}"
EndProject
Project("{FAE04EC0-301F-11D3-BF4B-00C04F79EFBC}") = "Tyuiu.KorotchenkoDM.Sprint6.Task1.V20.Lib", "Tyuiu.KorotchenkoDM.Sprint6.Task1.V20.Lib\Tyuiu.KorotchenkoDM.Sprint6.Task1.V20.Lib.csproj", "{3943537A-5030-4642-B918-E9235C72B5F3}"
EndProject
Project("{FAE04EC0-301F-11D3-BF4B-00C04F79EFBC}") = "Tyuiu.KorotchenkoDM.Sprint6.Task1.V20", "Tyuiu.KorotchenkoDM.Sprint6.Task1.V20\Tyuiu.KorotchenkoDM.Sprint6.Task1.V20.csproj", "{771E6CAB-D111-46F6-82B3-D140BBD9707D}"
EndProject
Project("{FAE04EC0-301F-11D3-BF4B-00C04F79EFBC}") = "Tyuiu.KorotchenkoDM.Sprint6.Task1.V20.Test", "Tyuiu.KorotchenkoDM.Sprint6.Task1.V20.Test\Tyuiu.KorotchenkoDM.Sprint6.Task1.V20.Test.csproj", "{97131BBD-6F94-4E31-8FB9-6C3E0C388414}"
EndProject
Project("{2150E333-8FDC-42A3-9474-1A3956D46DE8}") = "Task2", "Task2", "{D7357F14-1996-4609-87AB-48C6840CBC21}"
EndProject
Project("{FAE04EC0-301F-11D3-BF4B-00C04F79EFBC}") = "Tyuiu.KorotchenkoDM.Sprint6.Task2.V3", "Tyuiu.KorotchenkoDM.Sprint6.Task2.V3\Tyuiu.KorotchenkoDM.Sprint6.Task2.V3.csproj", "{A7114E69-F608-4F34-8553-4D37A8243797}"
EndProject
Project("{FAE04EC0-301F-11D3-BF4B-00C04F79EFBC}") = "Tyuiu.KorotchenkoDM.Sprint6.Task2.V3.Lib", "Tyuiu.KorotchenkoDM.Sprint6.Task2.V3.Lib\Tyuiu.KorotchenkoDM.Sprint6.Task2.V3.Lib.csproj", "{3F41E2E1-D8B0-4486-A6A8-0CE1351FB7F6}"
EndProject
Project("{FAE04EC0-301F-11D3-BF4B-00C04F79EFBC}") = "Tyuiu.KorotchenkoDM.Sprint6.Task2.V3.Test", "Tyuiu.KorotchenkoDM.Sprint6.Task2.V3.Test\Tyuiu.KorotchenkoDM.Sprint6.Task2.V3.Test.csproj", "{CB921F98-650B-48B7-A016-0B1722B40C99}"
EndProject
Project("{2150E333-8FDC-42A3-9474-1A3956D46DE8}") = "Task3", "Task3", "{15C49E2E-39D9-4594-B824-4245346DA6E2}"
EndProject
Project("{FAE04EC0-301F-11D3-BF4B-00C04F79EFBC}") = "Tyuiu.KorotchenkoDM.Sprint6.Task3.V1", "Tyuiu.KorotchenkoDM.Sprint6.Task3.V1\Tyuiu.KorotchenkoDM.Sprint6.Task3.V1.csproj", "{5534202F-8A65-400A-BFF5-B0F1E9BFD952}"
EndProject
Project("{FAE04EC0-301F-11D3-BF4B-00C04F79EFBC}") = "Tyuiu.KorotchenkoDM.Sprint6.Task3.V1.Lib", "Tyuiu.KorotchenkoDM.Sprint6.Task3.V1.Lib\Tyuiu.KorotchenkoDM.Sprint6.Task3.V1.Lib.csproj", "{0D1A51C3-B7FF-41C1-ABF0-6B619FE80BA9}"
EndProject
Project("{FAE04EC0-301F-11D3-BF4B-00C04F79EFBC}") = "Tyuiu.KorotchenkoDM.Sprint6.Task3.V1.Test", "Tyuiu.KorotchenkoDM.Sprint6.Task3.V1.Test\Tyuiu.KorotchenkoDM.Sprint6.Task3.V1.Test.csproj", "{F475681A-FE96-4A62-AC46-D2F4501EF012}"
EndProject
Project("{2150E333-8FDC-42A3-9474-1A3956D46DE8}") = "Task7", "Task7", "{49CAE24E-DD46-4502-A28F-B58CD397AC25}"
EndProject
Project("{FAE04EC0-301F-11D3-BF4B-00C04F79EFBC}") = "Tyuiu.KorotchenkoDM.Sprint6.Task7.V23", "Tyuiu.KorotchenkoDM.Sprint6.Task7.V23\Tyuiu.KorotchenkoDM.Sprint6.Task7.V23.csproj", "{FC4F1480-99F1-4FA9-B264-288D1F85AF6A}"
EndProject
Project("{FAE04EC0-301F-11D3-BF4B-00C04F79EFBC}") = "Tyuiu.KorotchenkoDM.Sprint6.Task7.V23.Lib", "Tyuiu.KorotchenkoDM.Sprint6.Task7.V23.Lib\Tyuiu.KorotchenkoDM.Sprint6.Task7.V23.Lib.csproj", "{416A2E2A-D2EE-4175-A860-25D95AE470AF}"
EndProject
Project("{FAE04EC0-301F-11D3-BF4B-00C04F79EFBC}") = "Tyuiu.KorotchenkoDM.Sprint6.Task7.V23.Test", "Tyuiu.KorotchenkoDM.Sprint6.Task7.V23.Test\Tyuiu.KorotchenkoDM.Sprint6.Task7.V23.Test.csproj", "{9D063D65-3953-4FCB-BA80-B0E10091F0AE}"
EndProject
Global
	GlobalSection(SolutionConfigurationPlatforms) = preSolution
		Debug|Any CPU = Debug|Any CPU
		Release|Any CPU = Release|Any CPU
	EndGlobalSection
	GlobalSection(ProjectConfigurationPlatforms) = postSolution
		{5ADC668D-A7F3-435A-805E-7404225E7144}.Debug|Any CPU.ActiveCfg = Debug|Any CPU
		{5ADC668D-A7F3-435A-805E-7404225E7144}.Debug|Any CPU.Build.0 = Debug|Any CPU
		{5ADC668D-A7F3-435A-805E-7404225E7144}.Release|Any CPU.ActiveCfg = Release|Any CPU
		{5ADC668D-A7F3-435A-805E-7404225E7144}.Release|Any CPU.Build.0 = Release|Any CPU
		{0EE0013C-E44B-4488-A0EF-D6C952DBDBE6}.Debug|Any CPU.ActiveCfg = Debug|Any CPU
		{0EE0013C-E44B-4488-A0EF-D6C952DBDBE6}.Debug|Any CPU.Build.0 = Debug|Any CPU
		{0EE0013C-E44B-4488-A0EF-D6C952DBDBE6}.Release|Any CPU.ActiveCfg = Release|Any CPU
		{0EE0013C-E44B-4488-A0EF-D6C952DBDBE6}.Release|Any CPU.Build.0 = Release|Any CPU
		{BA6E9E91-63A7-456B-A49A-1AC0F038A2AA}.Debug|Any CPU.ActiveCfg = Debug|Any CPU
		{BA6E9E91-63A7-456B-A49A-1AC0F038A2AA}.Debug|Any CPU.Build.0 = Debug|Any CPU
		{BA6E9E91-63A7-456B-A49A-1AC0F038A2AA}.Release|Any CPU.ActiveCfg = Release|Any CPU
		{BA6E9E91-63A7-456B-A49A-1AC0F038A2AA}.Release|Any CPU.Build.0 = Release|Any CPU
		{570E9569-E924-4A08-9033-779B1F80CCCB}.Debug|Any CPU.ActiveCfg = Debug|Any CPU
		{570E9569-E924-4A08-9033-779B1F80CCCB}.Debug|Any CPU.Build.0 = Debug|Any CPU
		{570E9569-E924-4A08-9033-779B1F80CCCB}.Release|Any CPU.ActiveCfg = Release|Any CPU
		{570E9569-E924-4A08-9033-779B1F80CCCB}.Release|Any CPU.Build.0 = Release|Any CPU
		{F6C0EE50-66AE-44DC-B600-A34C824512F5}.Debug|Any CPU.ActiveCfg = Debug|Any CPU
		{F6C0EE50-66AE-44DC-B600-A34C824512F5}.Debug|Any CPU.Build.0 = Debug|Any CPU
		{F6C0EE50-66AE-44DC-B600-A34C824512F5}.Release|Any CPU.ActiveCfg = Release|Any CPU
		{F6C0EE50-66AE-44DC-B600-A34C824512F5}.Release|Any CPU.Build.0 = Release|Any CPU
		{0894FCCF-CACB-4E95-8A83-FBFB4ECBBAAB}.Debug|Any CPU.ActiveCfg = Debug|Any CPU
		{0894FCCF-CACB-4E95-8A83-FBFB4ECBBAAB}.Debug|Any CPU.Build.0 = Debug|Any CPU
		{0894FCCF-CACB-4E95-8A83-FBFB4ECBBAAB}.Release|Any CPU.ActiveCfg = Release|Any CPU
		{0894FCCF-CACB-4E95-8A83-FBFB4ECBBAAB}.Release|Any CPU.Build.0 = Release|Any CPU
		{0C47E5D9-FC13-44DA-BA82-66EC3D06EF45}.Debug|Any CPU.ActiveCfg = Debug|Any CPU
		{0C47E5D9-FC13-44DA-BA82-66EC3D06EF45}.Debug|Any CPU.Build.0 = Debug|Any CPU
		{0C47E5D9-FC13-44DA-BA82-66EC3D06EF45}.Release|Any CPU.ActiveCfg = Release|Any CPU
		{0C47E5D9-FC13-44DA-BA82-66EC3D06EF45}.Release|Any CPU.Build.0 = Release|Any CPU
		{34853B08-00FA-41E0-BE71-10EA4ACF09AC}.Debug|Any CPU.ActiveCfg = Debug|Any CPU
		{34853B08-00FA-41E0-BE71-10EA4ACF09AC}.Debug|Any CPU.Build.0 = Debug|Any CPU
		{34853B08-00FA-41E0-BE71-10EA4ACF09AC}.Release|Any CPU.ActiveCfg = Release|Any CPU
		{34853B08-00FA-41E0-BE71-10EA4ACF09AC}.Release|Any CPU.Build.0 = Release|Any CPU
		{8D256924-14FE-4D13-AF1E-8841714D1E17}.Debug|Any CPU.ActiveCfg = Debug|Any CPU
		{8D256924-14FE-4D13-AF1E-8841714D1E17}.Debug|Any CPU.Build.0 = Debug|Any CPU
		{8D256924-14FE-4D13-AF1E-8841714D1E17}.Release|Any CPU.ActiveCfg = Release|Any CPU
		{8D256924-14FE-4D13-AF1E-8841714D1E17}.Release|Any CPU.Build.0 = Release|Any CPU
		{743369BE-F529-4A61-9C57-55E0C1C4ACA0}.Debug|Any CPU.ActiveCfg = Debug|Any CPU
		{743369BE-F529-4A61-9C57-55E0C1C4ACA0}.Debug|Any CPU.Build.0 = Debug|Any CPU
		{743369BE-F529-4A61-9C57-55E0C1C4ACA0}.Release|Any CPU.ActiveCfg = Release|Any CPU
		{743369BE-F529-4A61-9C57-55E0C1C4ACA0}.Release|Any CPU.Build.0 = Release|Any CPU
		{231F5993-E6AC-41A0-A897-6B1A5628B1B2}.Debug|Any CPU.ActiveCfg = Debug|Any CPU
		{231F5993-E6AC-41A0-A897-6B1A5628B1B2}.Debug|Any CPU.Build.0 = Debug|Any CPU
		{231F5993-E6AC-41A0-A897-6B1A5628B1B2}.Release|Any CPU.ActiveCfg = Release|Any CPU
		{231F5993-E6AC-41A0-A897-6B1A5628B1B2}.Release|Any CPU.Build.0 = Release|Any CPU
		{0C44D360-5037-4D5E-8EC8-360E1396110C}.Debug|Any CPU.ActiveCfg = Debug|Any CPU
		{0C44D360-5037-4D5E-8EC8-360E1396110C}.Debug|Any CPU.Build.0 = Debug|Any CPU
		{0C44D360-5037-4D5E-8EC8-360E1396110C}.Release|Any CPU.ActiveCfg = Release|Any CPU
		{0C44D360-5037-4D5E-8EC8-360E1396110C}.Release|Any CPU.Build.0 = Release|Any CPU
		{7D8F8518-3A34-43CE-8A65-A7B1F3B9EF02}.Debug|Any CPU.ActiveCfg = Debug|Any CPU
		{7D8F8518-3A34-43CE-8A65-A7B1F3B9EF02}.Debug|Any CPU.Build.0 = Debug|Any CPU
		{7D8F8518-3A34-43CE-8A65-A7B1F3B9EF02}.Release|Any CPU.ActiveCfg = Release|Any CPU
		{7D8F8518-3A34-43CE-8A65-A7B1F3B9EF02}.Release|Any CPU.Build.0 = Release|Any CPU
		{901A3FD8-8E62-4C37-B00C-596B35213CDA}.Debug|Any CPU.ActiveCfg = Debug|Any CPU
		{901A3FD8-8E62-4C37-B00C-596B35213CDA}.Debug|Any CPU.Build.0 = Debug|Any CPU
		{901A3FD8-8E62-4C37-B00C-596B35213CDA}.Release|Any CPU.ActiveCfg = Release|Any CPU
		{901A3FD8-8E62-4C37-B00C-596B35213CDA}.Release|Any CPU.Build.0 = Release|Any CPU
		{445DF882-C0E0-42E1-9861-4A06B924FBD2}.Debug|Any CPU.ActiveCfg = Debug|Any CPU
		{445DF882-C0E0-42E1-9861-4A06B924FBD2}.Debug|Any CPU.Build.0 = Debug|Any CPU
		{445DF882-C0E0-42E1-9861-4A06B924FBD2}.Release|Any CPU.ActiveCfg = Release|Any CPU
		{445DF882-C0E0-42E1-9861-4A06B924FBD2}.Release|Any CPU.Build.0 = Release|Any CPU
		{3943537A-5030-4642-B918-E9235C72B5F3}.Debug|Any CPU.ActiveCfg = Debug|Any CPU
		{3943537A-5030-4642-B918-E9235C72B5F3}.Debug|Any CPU.Build.0 = Debug|Any CPU
		{3943537A-5030-4642-B918-E9235C72B5F3}.Release|Any CPU.ActiveCfg = Release|Any CPU
		{3943537A-5030-4642-B918-E9235C72B5F3}.Release|Any CPU.Build.0 = Release|Any CPU
		{771E6CAB-D111-46F6-82B3-D140BBD9707D}.Debug|Any CPU.ActiveCfg = Debug|Any CPU
		{771E6CAB-D111-46F6-82B3-D140BBD9707D}.Debug|Any CPU.Build.0 = Debug|Any CPU
		{771E6CAB-D111-46F6-82B3-D140BBD9707D}.Release|Any CPU.ActiveCfg = Release|Any CPU
		{771E6CAB-D111-46F6-82B3-D140BBD9707D}.Release|Any CPU.Build.0 = Release|Any CPU
		{97131BBD-6F94-4E31-8FB9-6C3E0C388414}.Debug|Any CPU.ActiveCfg = Debug|Any CPU
		{97131BBD-6F94-4E31-8FB9-6C3E0C388414}.Debug|Any CPU.Build.0 = Debug|Any CPU
		{97131BBD-6F94-4E31-8FB9-6C3E0C388414}.Release|Any CPU.ActiveCfg = Release|Any CPU
		{97131BBD-6F94-4E31-8FB9-6C3E0C388414}.Release|Any CPU.Build.0 = Release|Any CPU
		{A7114E69-F608-4F34-8553-4D37A8243797}.Debug|Any CPU.ActiveCfg = Debug|Any CPU
		{A7114E69-F608-4F34-8553-4D37A8243797}.Debug|Any CPU.Build.0 = Debug|Any CPU
		{A7114E69-F608-4F34-8553-4D37A8243797}.Release|Any CPU.ActiveCfg = Release|Any CPU
		{A7114E69-F608-4F34-8553-4D37A8243797}.Release|Any CPU.Build.0 = Release|Any CPU
		{3F41E2E1-D8B0-4486-A6A8-0CE1351FB7F6}.Debug|Any CPU.ActiveCfg = Debug|Any CPU
		{3F41E2E1-D8B0-4486-A6A8-0CE1351FB7F6}.Debug|Any CPU.Build.0 = Debug|Any CPU
		{3F41E2E1-D8B0-4486-A6A8-0CE1351FB7F6}.Release|Any CPU.ActiveCfg = Release|Any CPU
		{3F41E2E1-D8B0-4486-A6A8-0CE1351FB7F6}.Release|Any CPU.Build.0 = Release|Any CPU
		{CB921F98-650B-48B7-A016-0B1722B40C99}.Debug|Any CPU.ActiveCfg = Debug|Any CPU
		{CB921F98-650B-48B7-A016-0B1722B40C99}.Debug|Any CPU.Build.0 = Debug|Any CPU
		{CB921F98-650B-48B7-A016-0B1722B40C99}.Release|Any CPU.ActiveCfg = Release|Any CPU
		{CB921F98-650B-48B7-A016-0B1722B40C99}.Release|Any CPU.Build.0 = Release|Any CPU
		{5534202F-8A65-400A-BFF5-B0F1E9BFD952}.Debug|Any CPU.ActiveCfg = Debug|Any CPU
		{5534202F-8A65-400A-BFF5-B0F1E9BFD952}.Debug|Any CPU.Build.0 = Debug|Any CPU
		{5534202F-8A65-400A-BFF5-B0F1E9BFD952}.Release|Any CPU.ActiveCfg = Release|Any CPU
		{5534202F-8A65-400A-BFF5-B0F1E9BFD952}.Release|Any CPU.Build.0 = Release|Any CPU
		{0D1A51C3-B7FF-41C1-ABF0-6B619FE80BA9}.Debug|Any CPU.ActiveCfg = Debug|Any CPU
		{0D1A51C3-B7FF-41C1-ABF0-6B619FE80BA9}.Debug|Any CPU.Build.0 = Debug|Any CPU
		{0D1A51C3-B7FF-41C1-ABF0-6B619FE80BA9}.Release|Any CPU.ActiveCfg = Release|Any CPU
		{0D1A51C3-B7FF-41C1-ABF0-6B619FE80BA9}.Release|Any CPU.Build.0 = Release|Any CPU
		{F475681A-FE96-4A62-AC46-D2F4501EF012}.Debug|Any CPU.ActiveCfg = Debug|Any CPU
		{F475681A-FE96-4A62-AC46-D2F4501EF012}.Debug|Any CPU.Build.0 = Debug|Any CPU
		{F475681A-FE96-4A62-AC46-D2F4501EF012}.Release|Any CPU.ActiveCfg = Release|Any CPU
		{F475681A-FE96-4A62-AC46-D2F4501EF012}.Release|Any CPU.Build.0 = Release|Any CPU
		{FC4F1480-99F1-4FA9-B264-288D1F85AF6A}.Debug|Any CPU.ActiveCfg = Debug|Any CPU
		{FC4F1480-99F1-4FA9-B264-288D1F85AF6A}.Debug|Any CPU.Build.0 = Debug|Any CPU
		{FC4F1480-99F1-4FA9-B264-288D1F85AF6A}.Release|Any CPU.ActiveCfg = Release|Any CPU
		{FC4F1480-99F1-4FA9-B264-288D1F85AF6A}.Release|Any CPU.Build.0 = Release|Any CPU
		{416A2E2A-D2EE-4175-A860-25D95AE470AF}.Debug|Any CPU.ActiveCfg = Debug|Any CPU
		{416A2E2A-D2EE-4175-A860-25D95AE470AF}.Debug|Any CPU.Build.0 = Debug|Any CPU
		{416A2E2A-D2EE-4175-A860-25D95AE470AF}.Release|Any CPU.ActiveCfg = Release|Any CPU
		{416A2E2A-D2EE-4175-A860-25D95AE470AF}.Release|Any CPU.Build.0 = Release|Any CPU
		{9D063D65-3953-4FCB-BA80-B0E10091F0AE}.Debug|Any CPU.ActiveCfg = Debug|Any CPU
		{9D063D65-3953-4FCB-BA80-B0E10091F0AE}.Debug|Any CPU.Build.0 = Debug|Any CPU
		{9D063D65-3953-4FCB-BA80-B0E10091F0AE}.Release|Any CPU.ActiveCfg = Release|Any CPU
		{9D063D65-3953-4FCB-BA80-B0E10091F0AE}.Release|Any CPU.Build.0 = Release|Any CPU
	EndGlobalSection
	GlobalSection(SolutionProperties) = preSolution
		HideSolutionNode = FALSE
	EndGlobalSection
	GlobalSection(NestedProjects) = preSolution
		{5ADC668D-A7F3-435A-805E-7404225E7144} = {14E0EBB7-717E-4A8D-9F7E-5143EA722991}
		{0EE0013C-E44B-4488-A0EF-D6C952DBDBE6} = {14E0EBB7-717E-4A8D-9F7E-5143EA722991}
		{BA6E9E91-63A7-456B-A49A-1AC0F038A2AA} = {14E0EBB7-717E-4A8D-9F7E-5143EA722991}
		{570E9569-E924-4A08-9033-779B1F80CCCB} = {65AB4526-07C1-4BE2-BE8C-60BC77148176}
		{F6C0EE50-66AE-44DC-B600-A34C824512F5} = {65AB4526-07C1-4BE2-BE8C-60BC77148176}
		{0894FCCF-CACB-4E95-8A83-FBFB4ECBBAAB} = {65AB4526-07C1-4BE2-BE8C-60BC77148176}
		{0C47E5D9-FC13-44DA-BA82-66EC3D06EF45} = {AE8BDED5-E824-4DF1-9061-3830DE31A295}
		{34853B08-00FA-41E0-BE71-10EA4ACF09AC} = {AE8BDED5-E824-4DF1-9061-3830DE31A295}
		{8D256924-14FE-4D13-AF1E-8841714D1E17} = {AE8BDED5-E824-4DF1-9061-3830DE31A295}
		{743369BE-F529-4A61-9C57-55E0C1C4ACA0} = {FD2D34C7-83CC-4A48-929F-2E4A9C5A8AFE}
		{231F5993-E6AC-41A0-A897-6B1A5628B1B2} = {FD2D34C7-83CC-4A48-929F-2E4A9C5A8AFE}
		{0C44D360-5037-4D5E-8EC8-360E1396110C} = {FD2D34C7-83CC-4A48-929F-2E4A9C5A8AFE}
		{7D8F8518-3A34-43CE-8A65-A7B1F3B9EF02} = {0F0FD5F6-4FAE-4F8E-9454-D60EF7460599}
		{901A3FD8-8E62-4C37-B00C-596B35213CDA} = {0F0FD5F6-4FAE-4F8E-9454-D60EF7460599}
		{445DF882-C0E0-42E1-9861-4A06B924FBD2} = {0F0FD5F6-4FAE-4F8E-9454-D60EF7460599}
		{3943537A-5030-4642-B918-E9235C72B5F3} = {9D855F6C-2FA0-4221-A8E0-7F178B8FF9A2}
		{771E6CAB-D111-46F6-82B3-D140BBD9707D} = {9D855F6C-2FA0-4221-A8E0-7F178B8FF9A2}
		{97131BBD-6F94-4E31-8FB9-6C3E0C388414} = {9D855F6C-2FA0-4221-A8E0-7F178B8FF9A2}
		{A7114E69-F608-4F34-8553-4D37A8243797} = {D7357F14-1996-4609-87AB-48C6840CBC21}
		{3F41E2E1-D8B0-4486-A6A8-0CE1351FB7F6} = {D7357F14-1996-4609-87AB-48C6840CBC21}
		{CB921F98-650B-48B7-A016-0B1722B40C99} = {D7357F14-1996-4609-87AB-48C6840CBC21}
		{5534202F-8A65-400A-BFF5-B0F1E9BFD952} = {15C49E2E-39D9-4594-B824-4245346DA6E2}
		{0D1A51C3-B7FF-41C1-ABF0-6B619FE80BA9} = {15C49E2E-39D9-4594-B824-4245346DA6E2}
		{F475681A-FE96-4A62-AC46-D2F4501EF012} = {15C49E2E-39D9-4594-B824-4245346DA6E2}
		{FC4F1480-99F1-4FA9-B264-288D1F85AF6A} = {49CAE24E-DD46-4502-A28F-B58CD397AC25}
		{416A2E2A-D2EE-4175-A860-25D95AE470AF} = {49CAE24E-DD46-4502-A28F-B58CD397AC25}
		{9D063D65-3953-4FCB-BA80-B0E10091F0AE} = {49CAE24E-DD46-4502-A28F-B58CD397AC25}
	EndGlobalSection
	GlobalSection(ExtensibilityGlobals) = postSolution
		SolutionGuid = {09DC8823-8E74-47C7-91A6-E04C5F6A6030}
	EndGlobalSection
EndGlobal
