
Microsoft Visual Studio Solution File, Format Version 12.00
# Visual Studio Version 16
VisualStudioVersion = 16.0.34301.259
MinimumVisualStudioVersion = 10.0.40219.1
Project("{2150E333-8FDC-42A3-9474-1A3956D46DE8}") = "Task0", "Task0", "{14E0EBB7-717E-4A8D-9F7E-5143EA722991}"
EndProject
Project("{FAE04EC0-301F-11D3-BF4B-00C04F79EFBC}") = "Tyuiu.KorotchenkoDM.Sprint6.Task0.V4.Lib", "Tyuiu.KorotchenkoDM.Sprint6.Task0.V4.Lib\Tyuiu.KorotchenkoDM.Sprint6.Task0.V4.Lib.csproj", "{5ADC668D-A7F3-435A-805E-7404225E7144}"
EndProject
Project("{FAE04EC0-301F-11D3-BF4B-00C04F79EFBC}") = "Tyuiu.KorotchenkoDM.Sprint6.Task0.V4.Test", "Tyuiu.KorotchenkoDM.Sprint6.Task0.V4.Test\Tyuiu.KorotchenkoDM.Sprint6.Task0.V4.Test.csproj", "{0EE0013C-E44B-4488-A0EF-D6C952DBDBE6}"
EndProject
Project("{FAE04EC0-301F-11D3-BF4B-00C04F79EFBC}") = "Tyuiu.KorotchenkoDM.Sprint6.Task0.V4", "Tyuiu.KorotchenkoDM.Sprint6.Task0.V4\Tyuiu.KorotchenkoDM.Sprint6.Task0.V4.csproj", "{BA6E9E91-63A7-456B-A49A-1AC0F038A2AA}"
EndProject
Project("{2150E333-8FDC-42A3-9474-1A3956D46DE8}") = "Task4", "Task4", "{65AB4526-07C1-4BE2-BE8C-60BC77148176}"
EndProject
Project("{FAE04EC0-301F-11D3-BF4B-00C04F79EFBC}") = "Tyuiu.KorotchenkoDM.Sprint6.Task4.V28.Lib", "Tyuiu.KorotchenkoDM.Sprint6.Task4.V28.Lib\Tyuiu.KorotchenkoDM.Sprint6.Task4.V28.Lib.csproj", "{570E9569-E924-4A08-9033-779B1F80CCCB}"
EndProject
Project("{FAE04EC0-301F-11D3-BF4B-00C04F79EFBC}") = "Tyuiu.KorotchenkoDM.Sprint6.Task4.V28.Test", "Tyuiu.KorotchenkoDM.Sprint6.Task4.V28.Test\Tyuiu.KorotchenkoDM.Sprint6.Task4.V28.Test.csproj", "{F6C0EE50-66AE-44DC-B600-A34C824512F5}"
EndProject
Project("{FAE04EC0-301F-11D3-BF4B-00C04F79EFBC}") = "Tyuiu.KorotchenkoDM.Sprint6.Task4.V28", "Tyuiu.KorotchenkoDM.Sprint6.Task4.V28\Tyuiu.KorotchenkoDM.Sprint6.Task4.V28.csproj", "{0894FCCF-CACB-4E95-8A83-FBFB4ECBBAAB}"
EndProject
Project("{2150E333-8FDC-42A3-9474-1A3956D46DE8}") = "Task5", "Task5", "{AE8BDED5-E824-4DF1-9061-3830DE31A295}"
EndProject
Project("{FAE04EC0-301F-11D3-BF4B-00C04F79EFBC}") = "Tyuiu.KorotchenkoDM.Sprint6.Task5.V4.Lib", "Tyuiu.KorotchenkoDM.Sprint6.Task5.V4.Lib\Tyuiu.KorotchenkoDM.Sprint6.Task5.V4.Lib.csproj", "{0C47E5D9-FC13-44DA-BA82-66EC3D06EF45}"
EndProject
Project("{FAE04EC0-301F-11D3-BF4B-00C04F79EFBC}") = "Tyuiu.KorotchenkoDM.Sprint6.Task5.V4.Test", "Tyuiu.KorotchenkoDM.Sprint6.Task5.V4.Test\Tyuiu.KorotchenkoDM.Sprint6.Task5.V4.Test.csproj", "{34853B08-00FA-41E0-BE71-10EA4ACF09AC}"
EndProject
Project("{FAE04EC0-301F-11D3-BF4B-00C04F79EFBC}") = "Tyuiu.KorotchenkoDM.Sprint6.Task5.V4", "Tyuiu.KorotchenkoDM.Sprint6.Task5.V4\Tyuiu.KorotchenkoDM.Sprint6.Task5.V4.csproj", "{8D256924-14FE-4D13-AF1E-8841714D1E17}"
EndProject
Global
	GlobalSection(SolutionConfigurationPlatforms) = preSolution
		Debug|Any CPU = Debug|Any CPU
		Release|Any CPU = Release|Any CPU
	EndGlobalSection
	GlobalSection(ProjectConfigurationPlatforms) = postSolution
		{5ADC668D-A7F3-435A-805E-7404225E7144}.Debug|Any CPU.ActiveCfg = Debug|Any CPU
		{5ADC668D-A7F3-435A-805E-7404225E7144}.Debug|Any CPU.Build.0 = Debug|Any CPU
		{5ADC668D-A7F3-435A-805E-7404225E7144}.Release|Any CPU.ActiveCfg = Release|Any CPU
		{5ADC668D-A7F3-435A-805E-7404225E7144}.Release|Any CPU.Build.0 = Release|Any CPU
		{0EE0013C-E44B-4488-A0EF-D6C952DBDBE6}.Debug|Any CPU.ActiveCfg = Debug|Any CPU
		{0EE0013C-E44B-4488-A0EF-D6C952DBDBE6}.Debug|Any CPU.Build.0 = Debug|Any CPU
		{0EE0013C-E44B-4488-A0EF-D6C952DBDBE6}.Release|Any CPU.ActiveCfg = Release|Any CPU
		{0EE0013C-E44B-4488-A0EF-D6C952DBDBE6}.Release|Any CPU.Build.0 = Release|Any CPU
		{BA6E9E91-63A7-456B-A49A-1AC0F038A2AA}.Debug|Any CPU.ActiveCfg = Debug|Any CPU
		{BA6E9E91-63A7-456B-A49A-1AC0F038A2AA}.Debug|Any CPU.Build.0 = Debug|Any CPU
		{BA6E9E91-63A7-456B-A49A-1AC0F038A2AA}.Release|Any CPU.ActiveCfg = Release|Any CPU
		{BA6E9E91-63A7-456B-A49A-1AC0F038A2AA}.Release|Any CPU.Build.0 = Release|Any CPU
		{570E9569-E924-4A08-9033-779B1F80CCCB}.Debug|Any CPU.ActiveCfg = Debug|Any CPU
		{570E9569-E924-4A08-9033-779B1F80CCCB}.Debug|Any CPU.Build.0 = Debug|Any CPU
		{570E9569-E924-4A08-9033-779B1F80CCCB}.Release|Any CPU.ActiveCfg = Release|Any CPU
		{570E9569-E924-4A08-9033-779B1F80CCCB}.Release|Any CPU.Build.0 = Release|Any CPU
		{F6C0EE50-66AE-44DC-B600-A34C824512F5}.Debug|Any CPU.ActiveCfg = Debug|Any CPU
		{F6C0EE50-66AE-44DC-B600-A34C824512F5}.Debug|Any CPU.Build.0 = Debug|Any CPU
		{F6C0EE50-66AE-44DC-B600-A34C824512F5}.Release|Any CPU.ActiveCfg = Release|Any CPU
		{F6C0EE50-66AE-44DC-B600-A34C824512F5}.Release|Any CPU.Build.0 = Release|Any CPU
		{0894FCCF-CACB-4E95-8A83-FBFB4ECBBAAB}.Debug|Any CPU.ActiveCfg = Debug|Any CPU
		{0894FCCF-CACB-4E95-8A83-FBFB4ECBBAAB}.Debug|Any CPU.Build.0 = Debug|Any CPU
		{0894FCCF-CACB-4E95-8A83-FBFB4ECBBAAB}.Release|Any CPU.ActiveCfg = Release|Any CPU
		{0894FCCF-CACB-4E95-8A83-FBFB4ECBBAAB}.Release|Any CPU.Build.0 = Release|Any CPU
		{0C47E5D9-FC13-44DA-BA82-66EC3D06EF45}.Debug|Any CPU.ActiveCfg = Debug|Any CPU
		{0C47E5D9-FC13-44DA-BA82-66EC3D06EF45}.Debug|Any CPU.Build.0 = Debug|Any CPU
		{0C47E5D9-FC13-44DA-BA82-66EC3D06EF45}.Release|Any CPU.ActiveCfg = Release|Any CPU
		{0C47E5D9-FC13-44DA-BA82-66EC3D06EF45}.Release|Any CPU.Build.0 = Release|Any CPU
		{34853B08-00FA-41E0-BE71-10EA4ACF09AC}.Debug|Any CPU.ActiveCfg = Debug|Any CPU
		{34853B08-00FA-41E0-BE71-10EA4ACF09AC}.Debug|Any CPU.Build.0 = Debug|Any CPU
		{34853B08-00FA-41E0-BE71-10EA4ACF09AC}.Release|Any CPU.ActiveCfg = Release|Any CPU
		{34853B08-00FA-41E0-BE71-10EA4ACF09AC}.Release|Any CPU.Build.0 = Release|Any CPU
		{8D256924-14FE-4D13-AF1E-8841714D1E17}.Debug|Any CPU.ActiveCfg = Debug|Any CPU
		{8D256924-14FE-4D13-AF1E-8841714D1E17}.Debug|Any CPU.Build.0 = Debug|Any CPU
		{8D256924-14FE-4D13-AF1E-8841714D1E17}.Release|Any CPU.ActiveCfg = Release|Any CPU
		{8D256924-14FE-4D13-AF1E-8841714D1E17}.Release|Any CPU.Build.0 = Release|Any CPU
	EndGlobalSection
	GlobalSection(SolutionProperties) = preSolution
		HideSolutionNode = FALSE
	EndGlobalSection
	GlobalSection(NestedProjects) = preSolution
		{5ADC668D-A7F3-435A-805E-7404225E7144} = {14E0EBB7-717E-4A8D-9F7E-5143EA722991}
		{0EE0013C-E44B-4488-A0EF-D6C952DBDBE6} = {14E0EBB7-717E-4A8D-9F7E-5143EA722991}
		{BA6E9E91-63A7-456B-A49A-1AC0F038A2AA} = {14E0EBB7-717E-4A8D-9F7E-5143EA722991}
		{570E9569-E924-4A08-9033-779B1F80CCCB} = {65AB4526-07C1-4BE2-BE8C-60BC77148176}
		{F6C0EE50-66AE-44DC-B600-A34C824512F5} = {65AB4526-07C1-4BE2-BE8C-60BC77148176}
		{0894FCCF-CACB-4E95-8A83-FBFB4ECBBAAB} = {65AB4526-07C1-4BE2-BE8C-60BC77148176}
		{0C47E5D9-FC13-44DA-BA82-66EC3D06EF45} = {AE8BDED5-E824-4DF1-9061-3830DE31A295}
		{34853B08-00FA-41E0-BE71-10EA4ACF09AC} = {AE8BDED5-E824-4DF1-9061-3830DE31A295}
		{8D256924-14FE-4D13-AF1E-8841714D1E17} = {AE8BDED5-E824-4DF1-9061-3830DE31A295}
	EndGlobalSection
	GlobalSection(ExtensibilityGlobals) = postSolution
		SolutionGuid = {09DC8823-8E74-47C7-91A6-E04C5F6A6030}
	EndGlobalSection
EndGlobal
